
Microsoft Visual Studio Solution File, Format Version 12.00
# Visual Studio Version 17
VisualStudioVersion = 17.5.002.0
MinimumVisualStudioVersion = 10.0.40219.1
Project("{9A19103F-16F7-4668-BE54-9A1E7A4F7556}") = "FoodLog", "FoodLog.csproj", "{2AB7D742-6776-4C50-8472-E7863B07964E}"
EndProject
Global
	GlobalSection(SolutionConfigurationPlatforms) = preSolution
		Debug|Any CPU = Debug|Any CPU
		Release|Any CPU = Release|Any CPU
	EndGlobalSection
	GlobalSection(ProjectConfigurationPlatforms) = postSolution
		{2AB7D742-6776-4C50-8472-E7863B07964E}.Debug|Any CPU.ActiveCfg = Debug|Any CPU
		{2AB7D742-6776-4C50-8472-E7863B07964E}.Debug|Any CPU.Build.0 = Debug|Any CPU
		{2AB7D742-6776-4C50-8472-E7863B07964E}.Release|Any CPU.ActiveCfg = Release|Any CPU
		{2AB7D742-6776-4C50-8472-E7863B07964E}.Release|Any CPU.Build.0 = Release|Any CPU
	EndGlobalSection
	GlobalSection(SolutionProperties) = preSolution
		HideSolutionNode = FALSE
	EndGlobalSection
	GlobalSection(ExtensibilityGlobals) = postSolution
		SolutionGuid = {379FCE76-4FB9-4DBF-9B30-A7ED9FA3D16F}
	EndGlobalSection
EndGlobal
