
Microsoft Visual Studio Solution File, Format Version 12.00
# Visual Studio Version 17
VisualStudioVersion = 17.5.002.0
MinimumVisualStudioVersion = 10.0.40219.1
Project("{FAE04EC0-301F-11D3-BF4B-00C04F79EFBC}") = "FoodLog.WPF", "FoodLog.WPF\FoodLog.WPF.csproj", "{B40F1281-1629-4A25-8F4E-9026E8B92E0A}"
EndProject
Project("{FAE04EC0-301F-11D3-BF4B-00C04F79EFBC}") = "FoodLog.MAUI", "FoodLog.MAUI\FoodLog.MAUI.csproj", "{355EBAB2-77CB-4786-855A-17B2EC54BBF8}"
EndProject
Project("{FAE04EC0-301F-11D3-BF4B-00C04F79EFBC}") = "FoodLog.Shared", "FoodLog.Shared\FoodLog.Shared.csproj", "{2E04329C-5E17-46FB-BF72-1B0025CE20F5}"
EndProject


Global
	GlobalSection(SolutionConfigurationPlatforms) = preSolution
		Debug|Any CPU = Debug|Any CPU
		Release|Any CPU = Release|Any CPU
	EndGlobalSection
	GlobalSection(ProjectConfigurationPlatforms) = postSolution
		{B40F1281-1629-4A25-8F4E-9026E8B92E0A}.Debug|Any CPU.ActiveCfg = Debug|Any CPU
		{B40F1281-1629-4A25-8F4E-9026E8B92E0A}.Debug|Any CPU.Build.0 = Debug|Any CPU
		{B40F1281-1629-4A25-8F4E-9026E8B92E0A}.Release|Any CPU.ActiveCfg = Release|Any CPU
		{B40F1281-1629-4A25-8F4E-9026E8B92E0A}.Release|Any CPU.Build.0 = Release|Any CPU
		{355EBAB2-77CB-4786-855A-17B2EC54BBF8}.Debug|Any CPU.ActiveCfg = Debug|Any CPU
		{355EBAB2-77CB-4786-855A-17B2EC54BBF8}.Debug|Any CPU.Build.0 = Debug|Any CPU
		{355EBAB2-77CB-4786-855A-17B2EC54BBF8}.Debug|Any CPU.Deploy.0 = Debug|Any CPU
		{355EBAB2-77CB-4786-855A-17B2EC54BBF8}.Release|Any CPU.ActiveCfg = Release|Any CPU
		{355EBAB2-77CB-4786-855A-17B2EC54BBF8}.Release|Any CPU.Build.0 = Release|Any CPU
		{355EBAB2-77CB-4786-855A-17B2EC54BBF8}.Release|Any CPU.Deploy.0 = Release|Any CPU
		{2E04329C-5E17-46FB-BF72-1B0025CE20F5}.Debug|Any CPU.ActiveCfg = Debug|Any CPU
		{2E04329C-5E17-46FB-BF72-1B0025CE20F5}.Debug|Any CPU.Build.0 = Debug|Any CPU
		{2E04329C-5E17-46FB-BF72-1B0025CE20F5}.Release|Any CPU.ActiveCfg = Release|Any CPU
		{2E04329C-5E17-46FB-BF72-1B0025CE20F5}.Release|Any CPU.Build.0 = Release|Any CPU
	EndGlobalSection
	GlobalSection(SolutionProperties) = preSolution
		HideSolutionNode = FALSE
	EndGlobalSection
	GlobalSection(ExtensibilityGlobals) = postSolution
		SolutionGuid = {379FCE76-4FB9-4DBF-9B30-A7ED9FA3D16F}
	EndGlobalSection
EndGlobal
